{
  "originHash" : "279c04ab2e2f36fdd1209ebab45303a24c1d8fbaa53a3f3d1c39faed18df86db",
  "pins" : [
    {
      "identity" : "tgreduxkit",
      "kind" : "remoteSourceControl",
      "location" : "https://github.com/tangzzz-fan/TGReduxKit.git",
      "state" : {
        "revision" : "0d2a3825a82c05bb2ebb2b31e01abed9bd7839f2",
        "version" : "2.0.0"
      }
    }
  ],
  "version" : 3
}
